
Microsoft Visual Studio Solution File, Format Version 12.00
# Visual Studio Version 16
VisualStudioVersion = 16.0.810.22
MinimumVisualStudioVersion = 10.0.40219.1
Project("{FAE04EC0-301F-11D3-BF4B-00C04F79EFBC}") = "Fram", "Lab1\Fram.csproj", "{596F5772-181B-4313-BAA1-E698DBFE5A0B}"
EndProject
Global
	GlobalSection(SolutionConfigurationPlatforms) = preSolution
		Debug|Any CPU = Debug|Any CPU
		Release|Any CPU = Release|Any CPU
	EndGlobalSection
	GlobalSection(ProjectConfigurationPlatforms) = postSolution
		{596F5772-181B-4313-BAA1-E698DBFE5A0B}.Debug|Any CPU.ActiveCfg = Debug|Any CPU
		{596F5772-181B-4313-BAA1-E698DBFE5A0B}.Debug|Any CPU.Build.0 = Debug|Any CPU
		{596F5772-181B-4313-BAA1-E698DBFE5A0B}.Release|Any CPU.ActiveCfg = Release|Any CPU
		{596F5772-181B-4313-BAA1-E698DBFE5A0B}.Release|Any CPU.Build.0 = Release|Any CPU
	EndGlobalSection
	GlobalSection(SolutionProperties) = preSolution
		HideSolutionNode = FALSE
	EndGlobalSection
	GlobalSection(ExtensibilityGlobals) = postSolution
		SolutionGuid = {457F66E9-6DB7-4754-86D1-9E7BBA112340}
	EndGlobalSection
EndGlobal
