
Microsoft Visual Studio Solution File, Format Version 12.00
# Visual Studio Version 16
VisualStudioVersion = 16.0.810.22
MinimumVisualStudioVersion = 10.0.40219.1
Project("{FAE04EC0-301F-11D3-BF4B-00C04F79EFBC}") = "MultipleInheritance", "MultipleInheritance\MultipleInheritance.csproj", "{D6A0B75F-5C03-4D2F-837A-ECC654FAC80A}"
EndProject
Global
	GlobalSection(SolutionConfigurationPlatforms) = preSolution
		Debug|Any CPU = Debug|Any CPU
		Release|Any CPU = Release|Any CPU
	EndGlobalSection
	GlobalSection(ProjectConfigurationPlatforms) = postSolution
		{D6A0B75F-5C03-4D2F-837A-ECC654FAC80A}.Debug|Any CPU.ActiveCfg = Debug|Any CPU
		{D6A0B75F-5C03-4D2F-837A-ECC654FAC80A}.Debug|Any CPU.Build.0 = Debug|Any CPU
		{D6A0B75F-5C03-4D2F-837A-ECC654FAC80A}.Release|Any CPU.ActiveCfg = Release|Any CPU
		{D6A0B75F-5C03-4D2F-837A-ECC654FAC80A}.Release|Any CPU.Build.0 = Release|Any CPU
	EndGlobalSection
	GlobalSection(SolutionProperties) = preSolution
		HideSolutionNode = FALSE
	EndGlobalSection
	GlobalSection(ExtensibilityGlobals) = postSolution
		SolutionGuid = {6E3BD160-E619-4F90-9680-39393C8D1E64}
	EndGlobalSection
EndGlobal
